// !$*UTF8*$!
{
	archiveVersion = 1;
	classes = {
	};
	objectVersion = 48;
	objects = {

/* Begin PBXBuildFile section */
		58329D4F20A32F6300963DCA /* AppDelegate.swift in Sources */ = {isa = PBXBuildFile; fileRef = 58329D4E20A32F6300963DCA /* AppDelegate.swift */; };
		58329D5120A32F6300963DCA /* GoalVC.swift in Sources */ = {isa = PBXBuildFile; fileRef = 58329D5020A32F6300963DCA /* GoalVC.swift */; };
		58329D5420A32F6300963DCA /* Main.storyboard in Resources */ = {isa = PBXBuildFile; fileRef = 58329D5220A32F6300963DCA /* Main.storyboard */; };
		58329D5720A32F6300963DCA /* GoalPOST.xcdatamodeld in Sources */ = {isa = PBXBuildFile; fileRef = 58329D5520A32F6300963DCA /* GoalPOST.xcdatamodeld */; };
		58329D5920A32F6300963DCA /* Assets.xcassets in Resources */ = {isa = PBXBuildFile; fileRef = 58329D5820A32F6300963DCA /* Assets.xcassets */; };
		58329D5C20A32F6300963DCA /* LaunchScreen.storyboard in Resources */ = {isa = PBXBuildFile; fileRef = 58329D5A20A32F6300963DCA /* LaunchScreen.storyboard */; };
		58329D6820A3343300963DCA /* GoalCell.swift in Sources */ = {isa = PBXBuildFile; fileRef = 58329D6720A3343300963DCA /* GoalCell.swift */; };
		58329D6A20A337FF00963DCA /* GoalType.swift in Sources */ = {isa = PBXBuildFile; fileRef = 58329D6920A337FF00963DCA /* GoalType.swift */; };
		58EC9A8C20A3CE670038BD23 /* CreateGoalVC.swift in Sources */ = {isa = PBXBuildFile; fileRef = 58EC9A8B20A3CE670038BD23 /* CreateGoalVC.swift */; };
		58EC9A8E20A3CFF40038BD23 /* viewControllerExt.swift in Sources */ = {isa = PBXBuildFile; fileRef = 58EC9A8D20A3CFF40038BD23 /* viewControllerExt.swift */; };
		58EC9A9020A50D250038BD23 /* UIViewExt.swift in Sources */ = {isa = PBXBuildFile; fileRef = 58EC9A8F20A50D250038BD23 /* UIViewExt.swift */; };
		58EC9A9220A53C0A0038BD23 /* UIButtonExt.swift in Sources */ = {isa = PBXBuildFile; fileRef = 58EC9A9120A53C0A0038BD23 /* UIButtonExt.swift */; };
		58EC9A9420A54C7A0038BD23 /* FinishedGoal.swift in Sources */ = {isa = PBXBuildFile; fileRef = 58EC9A9320A54C7A0038BD23 /* FinishedGoal.swift */; };
/* End PBXBuildFile section */

/* Begin PBXFileReference section */
		58329D4B20A32F6300963DCA /* GoalPOST.app */ = {isa = PBXFileReference; explicitFileType = wrapper.application; includeInIndex = 0; path = GoalPOST.app; sourceTree = BUILT_PRODUCTS_DIR; };
		58329D4E20A32F6300963DCA /* AppDelegate.swift */ = {isa = PBXFileReference; lastKnownFileType = sourcecode.swift; path = AppDelegate.swift; sourceTree = "<group>"; };
		58329D5020A32F6300963DCA /* GoalVC.swift */ = {isa = PBXFileReference; lastKnownFileType = sourcecode.swift; path = GoalVC.swift; sourceTree = "<group>"; };
		58329D5320A32F6300963DCA /* Base */ = {isa = PBXFileReference; lastKnownFileType = file.storyboard; name = Base; path = Base.lproj/Main.storyboard; sourceTree = "<group>"; };
		58329D5620A32F6300963DCA /* GoalPOST.xcdatamodel */ = {isa = PBXFileReference; lastKnownFileType = wrapper.xcdatamodel; path = GoalPOST.xcdatamodel; sourceTree = "<group>"; };
		58329D5820A32F6300963DCA /* Assets.xcassets */ = {isa = PBXFileReference; lastKnownFileType = folder.assetcatalog; path = Assets.xcassets; sourceTree = "<group>"; };
		58329D5B20A32F6300963DCA /* Base */ = {isa = PBXFileReference; lastKnownFileType = file.storyboard; name = Base; path = Base.lproj/LaunchScreen.storyboard; sourceTree = "<group>"; };
		58329D5D20A32F6300963DCA /* Info.plist */ = {isa = PBXFileReference; lastKnownFileType = text.plist.xml; path = Info.plist; sourceTree = "<group>"; };
		58329D6720A3343300963DCA /* GoalCell.swift */ = {isa = PBXFileReference; lastKnownFileType = sourcecode.swift; path = GoalCell.swift; sourceTree = "<group>"; };
		58329D6920A337FF00963DCA /* GoalType.swift */ = {isa = PBXFileReference; lastKnownFileType = sourcecode.swift; path = GoalType.swift; sourceTree = "<group>"; };
		58EC9A8B20A3CE670038BD23 /* CreateGoalVC.swift */ = {isa = PBXFileReference; lastKnownFileType = sourcecode.swift; path = CreateGoalVC.swift; sourceTree = "<group>"; };
		58EC9A8D20A3CFF40038BD23 /* viewControllerExt.swift */ = {isa = PBXFileReference; lastKnownFileType = sourcecode.swift; path = viewControllerExt.swift; sourceTree = "<group>"; };
		58EC9A8F20A50D250038BD23 /* UIViewExt.swift */ = {isa = PBXFileReference; lastKnownFileType = sourcecode.swift; path = UIViewExt.swift; sourceTree = "<group>"; };
		58EC9A9120A53C0A0038BD23 /* UIButtonExt.swift */ = {isa = PBXFileReference; lastKnownFileType = sourcecode.swift; path = UIButtonExt.swift; sourceTree = "<group>"; };
		58EC9A9320A54C7A0038BD23 /* FinishedGoal.swift */ = {isa = PBXFileReference; lastKnownFileType = sourcecode.swift; path = FinishedGoal.swift; sourceTree = "<group>"; };
/* End PBXFileReference section */

/* Begin PBXFrameworksBuildPhase section */
		58329D4820A32F6300963DCA /* Frameworks */ = {
			isa = PBXFrameworksBuildPhase;
			buildActionMask = 2147483647;
			files = (
			);
			runOnlyForDeploymentPostprocessing = 0;
		};
/* End PBXFrameworksBuildPhase section */

/* Begin PBXGroup section */
		58329D4220A32F6300963DCA = {
			isa = PBXGroup;
			children = (
				58329D4D20A32F6300963DCA /* GoalPOST */,
				58329D4C20A32F6300963DCA /* Products */,
			);
			sourceTree = "<group>";
		};
		58329D4C20A32F6300963DCA /* Products */ = {
			isa = PBXGroup;
			children = (
				58329D4B20A32F6300963DCA /* GoalPOST.app */,
			);
			name = Products;
			sourceTree = "<group>";
		};
		58329D4D20A32F6300963DCA /* GoalPOST */ = {
			isa = PBXGroup;
			children = (
				58329D6620A32FDC00963DCA /* extension */,
				58329D6520A32FD600963DCA /* enum */,
				58329D6420A32FD200963DCA /* view */,
				58329D6320A32FC200963DCA /* controller */,
				58329D4E20A32F6300963DCA /* AppDelegate.swift */,
				58329D5220A32F6300963DCA /* Main.storyboard */,
				58329D5820A32F6300963DCA /* Assets.xcassets */,
				58329D5A20A32F6300963DCA /* LaunchScreen.storyboard */,
				58329D5D20A32F6300963DCA /* Info.plist */,
				58329D5520A32F6300963DCA /* GoalPOST.xcdatamodeld */,
			);
			path = GoalPOST;
			sourceTree = "<group>";
		};
		58329D6320A32FC200963DCA /* controller */ = {
			isa = PBXGroup;
			children = (
				58329D5020A32F6300963DCA /* GoalVC.swift */,
				58EC9A8B20A3CE670038BD23 /* CreateGoalVC.swift */,
				58EC9A9320A54C7A0038BD23 /* FinishedGoal.swift */,
			);
			path = controller;
			sourceTree = "<group>";
		};
		58329D6420A32FD200963DCA /* view */ = {
			isa = PBXGroup;
			children = (
				58329D6720A3343300963DCA /* GoalCell.swift */,
			);
			path = view;
			sourceTree = "<group>";
		};
		58329D6520A32FD600963DCA /* enum */ = {
			isa = PBXGroup;
			children = (
				58329D6920A337FF00963DCA /* GoalType.swift */,
			);
			path = enum;
			sourceTree = "<group>";
		};
		58329D6620A32FDC00963DCA /* extension */ = {
			isa = PBXGroup;
			children = (
				58EC9A8D20A3CFF40038BD23 /* viewControllerExt.swift */,
				58EC9A8F20A50D250038BD23 /* UIViewExt.swift */,
				58EC9A9120A53C0A0038BD23 /* UIButtonExt.swift */,
			);
			path = extension;
			sourceTree = "<group>";
		};
/* End PBXGroup section */

/* Begin PBXNativeTarget section */
		58329D4A20A32F6300963DCA /* GoalPOST */ = {
			isa = PBXNativeTarget;
			buildConfigurationList = 58329D6020A32F6300963DCA /* Build configuration list for PBXNativeTarget "GoalPOST" */;
			buildPhases = (
				58329D4720A32F6300963DCA /* Sources */,
				58329D4820A32F6300963DCA /* Frameworks */,
				58329D4920A32F6300963DCA /* Resources */,
			);
			buildRules = (
			);
			dependencies = (
			);
			name = GoalPOST;
			productName = GoalPOST;
			productReference = 58329D4B20A32F6300963DCA /* GoalPOST.app */;
			productType = "com.apple.product-type.application";
		};
/* End PBXNativeTarget section */

/* Begin PBXProject section */
		58329D4320A32F6300963DCA /* Project object */ = {
			isa = PBXProject;
			attributes = {
				LastSwiftUpdateCheck = 0920;
				LastUpgradeCheck = 0920;
				ORGANIZATIONNAME = "alwyn tablatin";
				TargetAttributes = {
					58329D4A20A32F6300963DCA = {
						CreatedOnToolsVersion = 9.2;
						ProvisioningStyle = Automatic;
					};
				};
			};
			buildConfigurationList = 58329D4620A32F6300963DCA /* Build configuration list for PBXProject "GoalPOST" */;
			compatibilityVersion = "Xcode 8.0";
			developmentRegion = en;
			hasScannedForEncodings = 0;
			knownRegions = (
				en,
				Base,
			);
			mainGroup = 58329D4220A32F6300963DCA;
			productRefGroup = 58329D4C20A32F6300963DCA /* Products */;
			projectDirPath = "";
			projectRoot = "";
			targets = (
				58329D4A20A32F6300963DCA /* GoalPOST */,
			);
		};
/* End PBXProject section */

/* Begin PBXResourcesBuildPhase section */
		58329D4920A32F6300963DCA /* Resources */ = {
			isa = PBXResourcesBuildPhase;
			buildActionMask = 2147483647;
			files = (
				58329D5C20A32F6300963DCA /* LaunchScreen.storyboard in Resources */,
				58329D5920A32F6300963DCA /* Assets.xcassets in Resources */,
				58329D5420A32F6300963DCA /* Main.storyboard in Resources */,
			);
			runOnlyForDeploymentPostprocessing = 0;
		};
/* End PBXResourcesBuildPhase section */

/* Begin PBXSourcesBuildPhase section */
		58329D4720A32F6300963DCA /* Sources */ = {
			isa = PBXSourcesBuildPhase;
			buildActionMask = 2147483647;
			files = (
				58329D6820A3343300963DCA /* GoalCell.swift in Sources */,
				58EC9A8C20A3CE670038BD23 /* CreateGoalVC.swift in Sources */,
				58EC9A8E20A3CFF40038BD23 /* viewControllerExt.swift in Sources */,
				58329D6A20A337FF00963DCA /* GoalType.swift in Sources */,
				58EC9A9020A50D250038BD23 /* UIViewExt.swift in Sources */,
				58329D5120A32F6300963DCA /* GoalVC.swift in Sources */,
				58329D5720A32F6300963DCA /* GoalPOST.xcdatamodeld in Sources */,
				58EC9A9220A53C0A0038BD23 /* UIButtonExt.swift in Sources */,
				58EC9A9420A54C7A0038BD23 /* FinishedGoal.swift in Sources */,
				58329D4F20A32F6300963DCA /* AppDelegate.swift in Sources */,
			);
			runOnlyForDeploymentPostprocessing = 0;
		};
/* End PBXSourcesBuildPhase section */

/* Begin PBXVariantGroup section */
		58329D5220A32F6300963DCA /* Main.storyboard */ = {
			isa = PBXVariantGroup;
			children = (
				58329D5320A32F6300963DCA /* Base */,
			);
			name = Main.storyboard;
			sourceTree = "<group>";
		};
		58329D5A20A32F6300963DCA /* LaunchScreen.storyboard */ = {
			isa = PBXVariantGroup;
			children = (
				58329D5B20A32F6300963DCA /* Base */,
			);
			name = LaunchScreen.storyboard;
			sourceTree = "<group>";
		};
/* End PBXVariantGroup section */

/* Begin XCBuildConfiguration section */
		58329D5E20A32F6300963DCA /* Debug */ = {
			isa = XCBuildConfiguration;
			buildSettings = {
				ALWAYS_SEARCH_USER_PATHS = NO;
				CLANG_ANALYZER_NONNULL = YES;
				CLANG_ANALYZER_NUMBER_OBJECT_CONVERSION = YES_AGGRESSIVE;
				CLANG_CXX_LANGUAGE_STANDARD = "gnu++14";
				CLANG_CXX_LIBRARY = "libc++";
				CLANG_ENABLE_MODULES = YES;
				CLANG_ENABLE_OBJC_ARC = YES;
				CLANG_WARN_BLOCK_CAPTURE_AUTORELEASING = YES;
				CLANG_WARN_BOOL_CONVERSION = YES;
				CLANG_WARN_COMMA = YES;
				CLANG_WARN_CONSTANT_CONVERSION = YES;
				CLANG_WARN_DIRECT_OBJC_ISA_USAGE = YES_ERROR;
				CLANG_WARN_DOCUMENTATION_COMMENTS = YES;
				CLANG_WARN_EMPTY_BODY = YES;
				CLANG_WARN_ENUM_CONVERSION = YES;
				CLANG_WARN_INFINITE_RECURSION = YES;
				CLANG_WARN_INT_CONVERSION = YES;
				CLANG_WARN_NON_LITERAL_NULL_CONVERSION = YES;
				CLANG_WARN_OBJC_LITERAL_CONVERSION = YES;
				CLANG_WARN_OBJC_ROOT_CLASS = YES_ERROR;
				CLANG_WARN_RANGE_LOOP_ANALYSIS = YES;
				CLANG_WARN_STRICT_PROTOTYPES = YES;
				CLANG_WARN_SUSPICIOUS_MOVE = YES;
				CLANG_WARN_UNGUARDED_AVAILABILITY = YES_AGGRESSIVE;
				CLANG_WARN_UNREACHABLE_CODE = YES;
				CLANG_WARN__DUPLICATE_METHOD_MATCH = YES;
				CODE_SIGN_IDENTITY = "iPhone Developer";
				COPY_PHASE_STRIP = NO;
				DEBUG_INFORMATION_FORMAT = dwarf;
				ENABLE_STRICT_OBJC_MSGSEND = YES;
				ENABLE_TESTABILITY = YES;
				GCC_C_LANGUAGE_STANDARD = gnu11;
				GCC_DYNAMIC_NO_PIC = NO;
				GCC_NO_COMMON_BLOCKS = YES;
				GCC_OPTIMIZATION_LEVEL = 0;
				GCC_PREPROCESSOR_DEFINITIONS = (
					"DEBUG=1",
					"$(inherited)",
				);
				GCC_WARN_64_TO_32_BIT_CONVERSION = YES;
				GCC_WARN_ABOUT_RETURN_TYPE = YES_ERROR;
				GCC_WARN_UNDECLARED_SELECTOR = YES;
				GCC_WARN_UNINITIALIZED_AUTOS = YES_AGGRESSIVE;
				GCC_WARN_UNUSED_FUNCTION = YES;
				GCC_WARN_UNUSED_VARIABLE = YES;
				IPHONEOS_DEPLOYMENT_TARGET = 11.2;
				MTL_ENABLE_DEBUG_INFO = YES;
				ONLY_ACTIVE_ARCH = YES;
				SDKROOT = iphoneos;
				SWIFT_ACTIVE_COMPILATION_CONDITIONS = DEBUG;
				SWIFT_OPTIMIZATION_LEVEL = "-Onone";
			};
			name = Debug;
		};
		58329D5F20A32F6300963DCA /* Release */ = {
			isa = XCBuildConfiguration;
			buildSettings = {
				ALWAYS_SEARCH_USER_PATHS = NO;
				CLANG_ANALYZER_NONNULL = YES;
				CLANG_ANALYZER_NUMBER_OBJECT_CONVERSION = YES_AGGRESSIVE;
				CLANG_CXX_LANGUAGE_STANDARD = "gnu++14";
				CLANG_CXX_LIBRARY = "libc++";
				CLANG_ENABLE_MODULES = YES;
				CLANG_ENABLE_OBJC_ARC = YES;
				CLANG_WARN_BLOCK_CAPTURE_AUTORELEASING = YES;
				CLANG_WARN_BOOL_CONVERSION = YES;
				CLANG_WARN_COMMA = YES;
				CLANG_WARN_CONSTANT_CONVERSION = YES;
				CLANG_WARN_DIRECT_OBJC_ISA_USAGE = YES_ERROR;
				CLANG_WARN_DOCUMENTATION_COMMENTS = YES;
				CLANG_WARN_EMPTY_BODY = YES;
				CLANG_WARN_ENUM_CONVERSION = YES;
				CLANG_WARN_INFINITE_RECURSION = YES;
				CLANG_WARN_INT_CONVERSION = YES;
				CLANG_WARN_NON_LITERAL_NULL_CONVERSION = YES;
				CLANG_WARN_OBJC_LITERAL_CONVERSION = YES;
				CLANG_WARN_OBJC_ROOT_CLASS = YES_ERROR;
				CLANG_WARN_RANGE_LOOP_ANALYSIS = YES;
				CLANG_WARN_STRICT_PROTOTYPES = YES;
				CLANG_WARN_SUSPICIOUS_MOVE = YES;
				CLANG_WARN_UNGUARDED_AVAILABILITY = YES_AGGRESSIVE;
				CLANG_WARN_UNREACHABLE_CODE = YES;
				CLANG_WARN__DUPLICATE_METHOD_MATCH = YES;
				CODE_SIGN_IDENTITY = "iPhone Developer";
				COPY_PHASE_STRIP = NO;
				DEBUG_INFORMATION_FORMAT = "dwarf-with-dsym";
				ENABLE_NS_ASSERTIONS = NO;
				ENABLE_STRICT_OBJC_MSGSEND = YES;
				GCC_C_LANGUAGE_STANDARD = gnu11;
				GCC_NO_COMMON_BLOCKS = YES;
				GCC_WARN_64_TO_32_BIT_CONVERSION = YES;
				GCC_WARN_ABOUT_RETURN_TYPE = YES_ERROR;
				GCC_WARN_UNDECLARED_SELECTOR = YES;
				GCC_WARN_UNINITIALIZED_AUTOS = YES_AGGRESSIVE;
				GCC_WARN_UNUSED_FUNCTION = YES;
				GCC_WARN_UNUSED_VARIABLE = YES;
				IPHONEOS_DEPLOYMENT_TARGET = 11.2;
				MTL_ENABLE_DEBUG_INFO = NO;
				SDKROOT = iphoneos;
				SWIFT_OPTIMIZATION_LEVEL = "-Owholemodule";
				VALIDATE_PRODUCT = YES;
			};
			name = Release;
		};
		58329D6120A32F6300963DCA /* Debug */ = {
			isa = XCBuildConfiguration;
			buildSettings = {
				ASSETCATALOG_COMPILER_APPICON_NAME = AppIcon;
				CODE_SIGN_STYLE = Automatic;
				INFOPLIST_FILE = GoalPOST/Info.plist;
				LD_RUNPATH_SEARCH_PATHS = "$(inherited) @executable_path/Frameworks";
				PRODUCT_BUNDLE_IDENTIFIER = com.alwyntablatin.GoalPOST;
				PRODUCT_NAME = "$(TARGET_NAME)";
				SWIFT_VERSION = 4.0;
				TARGETED_DEVICE_FAMILY = "1,2";
			};
			name = Debug;
		};
		58329D6220A32F6300963DCA /* Release */ = {
			isa = XCBuildConfiguration;
			buildSettings = {
				ASSETCATALOG_COMPILER_APPICON_NAME = AppIcon;
				CODE_SIGN_STYLE = Automatic;
				INFOPLIST_FILE = GoalPOST/Info.plist;
				LD_RUNPATH_SEARCH_PATHS = "$(inherited) @executable_path/Frameworks";
				PRODUCT_BUNDLE_IDENTIFIER = com.alwyntablatin.GoalPOST;
				PRODUCT_NAME = "$(TARGET_NAME)";
				SWIFT_VERSION = 4.0;
				TARGETED_DEVICE_FAMILY = "1,2";
			};
			name = Release;
		};
/* End XCBuildConfiguration section */

/* Begin XCConfigurationList section */
		58329D4620A32F6300963DCA /* Build configuration list for PBXProject "GoalPOST" */ = {
			isa = XCConfigurationList;
			buildConfigurations = (
				58329D5E20A32F6300963DCA /* Debug */,
				58329D5F20A32F6300963DCA /* Release */,
			);
			defaultConfigurationIsVisible = 0;
			defaultConfigurationName = Release;
		};
		58329D6020A32F6300963DCA /* Build configuration list for PBXNativeTarget "GoalPOST" */ = {
			isa = XCConfigurationList;
			buildConfigurations = (
				58329D6120A32F6300963DCA /* Debug */,
				58329D6220A32F6300963DCA /* Release */,
			);
			defaultConfigurationIsVisible = 0;
			defaultConfigurationName = Release;
		};
/* End XCConfigurationList section */

/* Begin XCVersionGroup section */
		58329D5520A32F6300963DCA /* GoalPOST.xcdatamodeld */ = {
			isa = XCVersionGroup;
			children = (
				58329D5620A32F6300963DCA /* GoalPOST.xcdatamodel */,
			);
			currentVersion = 58329D5620A32F6300963DCA /* GoalPOST.xcdatamodel */;
			path = GoalPOST.xcdatamodeld;
			sourceTree = "<group>";
			versionGroupType = wrapper.xcdatamodel;
		};
/* End XCVersionGroup section */
	};
	rootObject = 58329D4320A32F6300963DCA /* Project object */;
}
